// !$*UTF8*$!
{
	archiveVersion = 1;
	classes = {
	};
	objectVersion = 46;
	objects = {

/* Begin PBXBuildFile section */
		CF3C3B2F199B30C80072A5EC /* Foundation.framework in Frameworks */ = {isa = PBXBuildFile; fileRef = CF3C3B2E199B30C80072A5EC /* Foundation.framework */; };
		CF3C3B32199B30C80072A5EC /* main.m in Sources */ = {isa = PBXBuildFile; fileRef = CF3C3B31199B30C80072A5EC /* main.m */; };
		CF3C3B36199B30C80072A5EC /* JZPersonDeviceKVC.1 in CopyFiles */ = {isa = PBXBuildFile; fileRef = CF3C3B35199B30C80072A5EC /* JZPersonDeviceKVC.1 */; };
		CF3C3B3E199B31060072A5EC /* JZPerson.m in Sources */ = {isa = PBXBuildFile; fileRef = CF3C3B3D199B31060072A5EC /* JZPerson.m */; };
		CF3C3B41199B31F70072A5EC /* JZAppleDevice.m in Sources */ = {isa = PBXBuildFile; fileRef = CF3C3B40199B31F70072A5EC /* JZAppleDevice.m */; };
/* End PBXBuildFile section */

/* Begin PBXCopyFilesBuildPhase section */
		CF3C3B28199B30C80072A5EC /* CopyFiles */ = {
			isa = PBXCopyFilesBuildPhase;
			buildActionMask = 2147483647;
			dstPath = /usr/share/man/man1/;
			dstSubfolderSpec = 0;
			files = (
				CF3C3B36199B30C80072A5EC /* JZPersonDeviceKVC.1 in CopyFiles */,
			);
			runOnlyForDeploymentPostprocessing = 1;
		};
/* End PBXCopyFilesBuildPhase section */

/* Begin PBXFileReference section */
		CF3C3B2A199B30C80072A5EC /* JZPersonDeviceKVC */ = {isa = PBXFileReference; explicitFileType = "compiled.mach-o.executable"; includeInIndex = 0; path = JZPersonDeviceKVC; sourceTree = BUILT_PRODUCTS_DIR; };
		CF3C3B2E199B30C80072A5EC /* Foundation.framework */ = {isa = PBXFileReference; lastKnownFileType = wrapper.framework; name = Foundation.framework; path = System/Library/Frameworks/Foundation.framework; sourceTree = SDKROOT; };
		CF3C3B31199B30C80072A5EC /* main.m */ = {isa = PBXFileReference; lastKnownFileType = sourcecode.c.objc; path = main.m; sourceTree = "<group>"; };
		CF3C3B34199B30C80072A5EC /* JZPersonDeviceKVC-Prefix.pch */ = {isa = PBXFileReference; lastKnownFileType = sourcecode.c.h; path = "JZPersonDeviceKVC-Prefix.pch"; sourceTree = "<group>"; };
		CF3C3B35199B30C80072A5EC /* JZPersonDeviceKVC.1 */ = {isa = PBXFileReference; lastKnownFileType = text.man; path = JZPersonDeviceKVC.1; sourceTree = "<group>"; };
		CF3C3B3C199B31060072A5EC /* JZPerson.h */ = {isa = PBXFileReference; fileEncoding = 4; lastKnownFileType = sourcecode.c.h; path = JZPerson.h; sourceTree = "<group>"; };
		CF3C3B3D199B31060072A5EC /* JZPerson.m */ = {isa = PBXFileReference; fileEncoding = 4; lastKnownFileType = sourcecode.c.objc; path = JZPerson.m; sourceTree = "<group>"; };
		CF3C3B3F199B31F70072A5EC /* JZAppleDevice.h */ = {isa = PBXFileReference; fileEncoding = 4; lastKnownFileType = sourcecode.c.h; path = JZAppleDevice.h; sourceTree = "<group>"; };
		CF3C3B40199B31F70072A5EC /* JZAppleDevice.m */ = {isa = PBXFileReference; fileEncoding = 4; lastKnownFileType = sourcecode.c.objc; path = JZAppleDevice.m; sourceTree = "<group>"; };
/* End PBXFileReference section */

/* Begin PBXFrameworksBuildPhase section */
		CF3C3B27199B30C80072A5EC /* Frameworks */ = {
			isa = PBXFrameworksBuildPhase;
			buildActionMask = 2147483647;
			files = (
				CF3C3B2F199B30C80072A5EC /* Foundation.framework in Frameworks */,
			);
			runOnlyForDeploymentPostprocessing = 0;
		};
/* End PBXFrameworksBuildPhase section */

/* Begin PBXGroup section */
		CF3C3B1F199B30C80072A5EC = {
			isa = PBXGroup;
			children = (
				CF3C3B30199B30C80072A5EC /* JZPersonDeviceKVC */,
				CF3C3B2D199B30C80072A5EC /* Frameworks */,
				CF3C3B2B199B30C80072A5EC /* Products */,
			);
			sourceTree = "<group>";
		};
		CF3C3B2B199B30C80072A5EC /* Products */ = {
			isa = PBXGroup;
			children = (
				CF3C3B2A199B30C80072A5EC /* JZPersonDeviceKVC */,
			);
			name = Products;
			sourceTree = "<group>";
		};
		CF3C3B2D199B30C80072A5EC /* Frameworks */ = {
			isa = PBXGroup;
			children = (
				CF3C3B2E199B30C80072A5EC /* Foundation.framework */,
			);
			name = Frameworks;
			sourceTree = "<group>";
		};
		CF3C3B30199B30C80072A5EC /* JZPersonDeviceKVC */ = {
			isa = PBXGroup;
			children = (
				CF3C3B31199B30C80072A5EC /* main.m */,
				CF3C3B35199B30C80072A5EC /* JZPersonDeviceKVC.1 */,
				CF3C3B3C199B31060072A5EC /* JZPerson.h */,
				CF3C3B3D199B31060072A5EC /* JZPerson.m */,
				CF3C3B3F199B31F70072A5EC /* JZAppleDevice.h */,
				CF3C3B40199B31F70072A5EC /* JZAppleDevice.m */,
				CF3C3B33199B30C80072A5EC /* Supporting Files */,
			);
			path = JZPersonDeviceKVC;
			sourceTree = "<group>";
		};
		CF3C3B33199B30C80072A5EC /* Supporting Files */ = {
			isa = PBXGroup;
			children = (
				CF3C3B34199B30C80072A5EC /* JZPersonDeviceKVC-Prefix.pch */,
			);
			name = "Supporting Files";
			sourceTree = "<group>";
		};
/* End PBXGroup section */

/* Begin PBXNativeTarget section */
		CF3C3B29199B30C80072A5EC /* JZPersonDeviceKVC */ = {
			isa = PBXNativeTarget;
			buildConfigurationList = CF3C3B39199B30C80072A5EC /* Build configuration list for PBXNativeTarget "JZPersonDeviceKVC" */;
			buildPhases = (
				CF3C3B26199B30C80072A5EC /* Sources */,
				CF3C3B27199B30C80072A5EC /* Frameworks */,
				CF3C3B28199B30C80072A5EC /* CopyFiles */,
			);
			buildRules = (
			);
			dependencies = (
			);
			name = JZPersonDeviceKVC;
			productName = JZPersonDeviceKVC;
			productReference = CF3C3B2A199B30C80072A5EC /* JZPersonDeviceKVC */;
			productType = "com.apple.product-type.tool";
		};
/* End PBXNativeTarget section */

/* Begin PBXProject section */
		CF3C3B21199B30C80072A5EC /* Project object */ = {
			isa = PBXProject;
			attributes = {
				LastUpgradeCheck = 0450;
				ORGANIZATIONNAME = JZ;
			};
			buildConfigurationList = CF3C3B24199B30C80072A5EC /* Build configuration list for PBXProject "JZPersonDeviceKVC" */;
			compatibilityVersion = "Xcode 3.2";
			developmentRegion = English;
			hasScannedForEncodings = 0;
			knownRegions = (
				en,
			);
			mainGroup = CF3C3B1F199B30C80072A5EC;
			productRefGroup = CF3C3B2B199B30C80072A5EC /* Products */;
			projectDirPath = "";
			projectRoot = "";
			targets = (
				CF3C3B29199B30C80072A5EC /* JZPersonDeviceKVC */,
			);
		};
/* End PBXProject section */

/* Begin PBXSourcesBuildPhase section */
		CF3C3B26199B30C80072A5EC /* Sources */ = {
			isa = PBXSourcesBuildPhase;
			buildActionMask = 2147483647;
			files = (
				CF3C3B32199B30C80072A5EC /* main.m in Sources */,
				CF3C3B3E199B31060072A5EC /* JZPerson.m in Sources */,
				CF3C3B41199B31F70072A5EC /* JZAppleDevice.m in Sources */,
			);
			runOnlyForDeploymentPostprocessing = 0;
		};
/* End PBXSourcesBuildPhase section */

/* Begin XCBuildConfiguration section */
		CF3C3B37199B30C80072A5EC /* Debug */ = {
			isa = XCBuildConfiguration;
			buildSettings = {
				ALWAYS_SEARCH_USER_PATHS = NO;
				ARCHS = "$(ARCHS_STANDARD_64_BIT)";
				CLANG_CXX_LANGUAGE_STANDARD = "gnu++0x";
				CLANG_CXX_LIBRARY = "libc++";
				CLANG_WARN_EMPTY_BODY = YES;
				CLANG_WARN__DUPLICATE_METHOD_MATCH = YES;
				COPY_PHASE_STRIP = NO;
				GCC_C_LANGUAGE_STANDARD = gnu99;
				GCC_DYNAMIC_NO_PIC = NO;
				GCC_ENABLE_OBJC_EXCEPTIONS = YES;
				GCC_OPTIMIZATION_LEVEL = 0;
				GCC_PREPROCESSOR_DEFINITIONS = (
					"DEBUG=1",
					"$(inherited)",
				);
				GCC_SYMBOLS_PRIVATE_EXTERN = NO;
				GCC_WARN_64_TO_32_BIT_CONVERSION = YES;
				GCC_WARN_ABOUT_RETURN_TYPE = YES;
				GCC_WARN_UNINITIALIZED_AUTOS = YES;
				GCC_WARN_UNUSED_VARIABLE = YES;
				MACOSX_DEPLOYMENT_TARGET = 10.7;
				ONLY_ACTIVE_ARCH = YES;
				SDKROOT = macosx;
			};
			name = Debug;
		};
		CF3C3B38199B30C80072A5EC /* Release */ = {
			isa = XCBuildConfiguration;
			buildSettings = {
				ALWAYS_SEARCH_USER_PATHS = NO;
				ARCHS = "$(ARCHS_STANDARD_64_BIT)";
				CLANG_CXX_LANGUAGE_STANDARD = "gnu++0x";
				CLANG_CXX_LIBRARY = "libc++";
				CLANG_WARN_EMPTY_BODY = YES;
				CLANG_WARN__DUPLICATE_METHOD_MATCH = YES;
				COPY_PHASE_STRIP = YES;
				DEBUG_INFORMATION_FORMAT = "dwarf-with-dsym";
				GCC_C_LANGUAGE_STANDARD = gnu99;
				GCC_ENABLE_OBJC_EXCEPTIONS = YES;
				GCC_WARN_64_TO_32_BIT_CONVERSION = YES;
				GCC_WARN_ABOUT_RETURN_TYPE = YES;
				GCC_WARN_UNINITIALIZED_AUTOS = YES;
				GCC_WARN_UNUSED_VARIABLE = YES;
				MACOSX_DEPLOYMENT_TARGET = 10.7;
				SDKROOT = macosx;
			};
			name = Release;
		};
		CF3C3B3A199B30C80072A5EC /* Debug */ = {
			isa = XCBuildConfiguration;
			buildSettings = {
				GCC_PRECOMPILE_PREFIX_HEADER = YES;
				GCC_PREFIX_HEADER = "JZPersonDeviceKVC/JZPersonDeviceKVC-Prefix.pch";
				PRODUCT_NAME = "$(TARGET_NAME)";
			};
			name = Debug;
		};
		CF3C3B3B199B30C80072A5EC /* Release */ = {
			isa = XCBuildConfiguration;
			buildSettings = {
				GCC_PRECOMPILE_PREFIX_HEADER = YES;
				GCC_PREFIX_HEADER = "JZPersonDeviceKVC/JZPersonDeviceKVC-Prefix.pch";
				PRODUCT_NAME = "$(TARGET_NAME)";
			};
			name = Release;
		};
/* End XCBuildConfiguration section */

/* Begin XCConfigurationList section */
		CF3C3B24199B30C80072A5EC /* Build configuration list for PBXProject "JZPersonDeviceKVC" */ = {
			isa = XCConfigurationList;
			buildConfigurations = (
				CF3C3B37199B30C80072A5EC /* Debug */,
				CF3C3B38199B30C80072A5EC /* Release */,
			);
			defaultConfigurationIsVisible = 0;
			defaultConfigurationName = Release;
		};
		CF3C3B39199B30C80072A5EC /* Build configuration list for PBXNativeTarget "JZPersonDeviceKVC" */ = {
			isa = XCConfigurationList;
			buildConfigurations = (
				CF3C3B3A199B30C80072A5EC /* Debug */,
				CF3C3B3B199B30C80072A5EC /* Release */,
			);
			defaultConfigurationIsVisible = 0;
		};
/* End XCConfigurationList section */
	};
	rootObject = CF3C3B21199B30C80072A5EC /* Project object */;
}
